
Microsoft Visual Studio Solution File, Format Version 12.00
# Visual Studio Version 16
VisualStudioVersion = 16.0.31402.337
MinimumVisualStudioVersion = 10.0.40219.1
Project("{9A19103F-16F7-4668-BE54-9A1E7A4F7556}") = "Sistematic.Domain", "Sistematic.Domain\Sistematic.Domain.csproj", "{08C1D570-E7F6-4212-8019-E2AAD624F7B0}"
EndProject
Project("{9A19103F-16F7-4668-BE54-9A1E7A4F7556}") = "Sistematic.Wasm", "Sistematic.Wasm\Sistematic.Wasm.csproj", "{1727FD61-DB2B-417B-88CD-9F500C6D099C}"
EndProject
Global
	GlobalSection(SolutionConfigurationPlatforms) = preSolution
		Debug|Any CPU = Debug|Any CPU
		Release|Any CPU = Release|Any CPU
	EndGlobalSection
	GlobalSection(ProjectConfigurationPlatforms) = postSolution
		{08C1D570-E7F6-4212-8019-E2AAD624F7B0}.Debug|Any CPU.ActiveCfg = Debug|Any CPU
		{08C1D570-E7F6-4212-8019-E2AAD624F7B0}.Debug|Any CPU.Build.0 = Debug|Any CPU
		{08C1D570-E7F6-4212-8019-E2AAD624F7B0}.Release|Any CPU.ActiveCfg = Release|Any CPU
		{08C1D570-E7F6-4212-8019-E2AAD624F7B0}.Release|Any CPU.Build.0 = Release|Any CPU
		{1727FD61-DB2B-417B-88CD-9F500C6D099C}.Debug|Any CPU.ActiveCfg = Debug|Any CPU
		{1727FD61-DB2B-417B-88CD-9F500C6D099C}.Debug|Any CPU.Build.0 = Debug|Any CPU
		{1727FD61-DB2B-417B-88CD-9F500C6D099C}.Release|Any CPU.ActiveCfg = Release|Any CPU
		{1727FD61-DB2B-417B-88CD-9F500C6D099C}.Release|Any CPU.Build.0 = Release|Any CPU
	EndGlobalSection
	GlobalSection(SolutionProperties) = preSolution
		HideSolutionNode = FALSE
	EndGlobalSection
	GlobalSection(ExtensibilityGlobals) = postSolution
		SolutionGuid = {48403E79-8348-4CAB-AB2D-2E63DD4E6377}
	EndGlobalSection
EndGlobal
